
Microsoft Visual Studio Solution File, Format Version 12.00
# Visual Studio Version 16
VisualStudioVersion = 16.0.29709.97
MinimumVisualStudioVersion = 10.0.40219.1
Project("{9A19103F-16F7-4668-BE54-9A1E7A4F7556}") = "ByteBank", "ByteBank\ByteBank.csproj", "{C204BC92-5C88-4871-ACA7-5268C135BE96}"
EndProject
Global
	GlobalSection(SolutionConfigurationPlatforms) = preSolution
		Debug|Any CPU = Debug|Any CPU
		Release|Any CPU = Release|Any CPU
	EndGlobalSection
	GlobalSection(ProjectConfigurationPlatforms) = postSolution
		{C204BC92-5C88-4871-ACA7-5268C135BE96}.Debug|Any CPU.ActiveCfg = Debug|Any CPU
		{C204BC92-5C88-4871-ACA7-5268C135BE96}.Debug|Any CPU.Build.0 = Debug|Any CPU
		{C204BC92-5C88-4871-ACA7-5268C135BE96}.Release|Any CPU.ActiveCfg = Release|Any CPU
		{C204BC92-5C88-4871-ACA7-5268C135BE96}.Release|Any CPU.Build.0 = Release|Any CPU
	EndGlobalSection
	GlobalSection(SolutionProperties) = preSolution
		HideSolutionNode = FALSE
	EndGlobalSection
	GlobalSection(ExtensibilityGlobals) = postSolution
		SolutionGuid = {E74A5267-7803-41E7-BF55-8A3E83B326E9}
	EndGlobalSection
EndGlobal
