
Microsoft Visual Studio Solution File, Format Version 12.00
# Visual Studio Version 16
VisualStudioVersion = 16.0.29709.97
MinimumVisualStudioVersion = 10.0.40219.1
Project("{FAE04EC0-301F-11D3-BF4B-00C04F79EFBC}") = "ByteBank.4", "ByteBank.4\ByteBank.4.csproj", "{D5B03F93-CDC4-4309-AE8E-FFD218108A1A}"
EndProject
Project("{9A19103F-16F7-4668-BE54-9A1E7A4F7556}") = "ByteBank.3", "ByteBank.3\ByteBank.3.csproj", "{FFD9C6FB-C4DD-411D-B39A-DA7A40F1D24C}"
EndProject
Project("{2150E333-8FDC-42A3-9474-1A3956D46DE8}") = "Curso.pt5-pt8", "Curso.pt5-pt8", "{049CEE84-8DE4-4D9A-B74A-03EF0DD5AFA2}"
EndProject
Project("{9A19103F-16F7-4668-BE54-9A1E7A4F7556}") = "ByteBank.SistemaAgencia", "ByteBank.SistemaAgencia\ByteBank.SistemaAgencia.csproj", "{EB1E2661-72D5-492B-81CE-EB58628E3295}"
EndProject
Project("{9A19103F-16F7-4668-BE54-9A1E7A4F7556}") = "ByteBank.Modelos", "ByteBank.Modelos\ByteBank.Modelos.csproj", "{E69D07B4-98EB-484D-BFE3-D6618CFA2945}"
EndProject
Project("{2150E333-8FDC-42A3-9474-1A3956D46DE8}") = "Curso.pt9", "Curso.pt9", "{970BC58A-C7FA-45DD-B78C-5F5ADDEFE9FD}"
EndProject
Project("{FAE04EC0-301F-11D3-BF4B-00C04F79EFBC}") = "ByteBankImportacaoExportacao", "ByteBankImportacaoExportacao\ByteBankImportacaoExportacao.csproj", "{56674058-973D-4FAA-A928-90D5C9358777}"
EndProject
Global
	GlobalSection(SolutionConfigurationPlatforms) = preSolution
		Debug|Any CPU = Debug|Any CPU
		Release|Any CPU = Release|Any CPU
	EndGlobalSection
	GlobalSection(ProjectConfigurationPlatforms) = postSolution
		{D5B03F93-CDC4-4309-AE8E-FFD218108A1A}.Debug|Any CPU.ActiveCfg = Debug|Any CPU
		{D5B03F93-CDC4-4309-AE8E-FFD218108A1A}.Debug|Any CPU.Build.0 = Debug|Any CPU
		{D5B03F93-CDC4-4309-AE8E-FFD218108A1A}.Release|Any CPU.ActiveCfg = Release|Any CPU
		{D5B03F93-CDC4-4309-AE8E-FFD218108A1A}.Release|Any CPU.Build.0 = Release|Any CPU
		{FFD9C6FB-C4DD-411D-B39A-DA7A40F1D24C}.Debug|Any CPU.ActiveCfg = Debug|Any CPU
		{FFD9C6FB-C4DD-411D-B39A-DA7A40F1D24C}.Debug|Any CPU.Build.0 = Debug|Any CPU
		{FFD9C6FB-C4DD-411D-B39A-DA7A40F1D24C}.Release|Any CPU.ActiveCfg = Release|Any CPU
		{FFD9C6FB-C4DD-411D-B39A-DA7A40F1D24C}.Release|Any CPU.Build.0 = Release|Any CPU
		{EB1E2661-72D5-492B-81CE-EB58628E3295}.Debug|Any CPU.ActiveCfg = Debug|Any CPU
		{EB1E2661-72D5-492B-81CE-EB58628E3295}.Debug|Any CPU.Build.0 = Debug|Any CPU
		{EB1E2661-72D5-492B-81CE-EB58628E3295}.Release|Any CPU.ActiveCfg = Release|Any CPU
		{EB1E2661-72D5-492B-81CE-EB58628E3295}.Release|Any CPU.Build.0 = Release|Any CPU
		{E69D07B4-98EB-484D-BFE3-D6618CFA2945}.Debug|Any CPU.ActiveCfg = Debug|Any CPU
		{E69D07B4-98EB-484D-BFE3-D6618CFA2945}.Debug|Any CPU.Build.0 = Debug|Any CPU
		{E69D07B4-98EB-484D-BFE3-D6618CFA2945}.Release|Any CPU.ActiveCfg = Release|Any CPU
		{E69D07B4-98EB-484D-BFE3-D6618CFA2945}.Release|Any CPU.Build.0 = Release|Any CPU
		{56674058-973D-4FAA-A928-90D5C9358777}.Debug|Any CPU.ActiveCfg = Debug|Any CPU
		{56674058-973D-4FAA-A928-90D5C9358777}.Debug|Any CPU.Build.0 = Debug|Any CPU
		{56674058-973D-4FAA-A928-90D5C9358777}.Release|Any CPU.ActiveCfg = Release|Any CPU
		{56674058-973D-4FAA-A928-90D5C9358777}.Release|Any CPU.Build.0 = Release|Any CPU
	EndGlobalSection
	GlobalSection(SolutionProperties) = preSolution
		HideSolutionNode = FALSE
	EndGlobalSection
	GlobalSection(NestedProjects) = preSolution
		{EB1E2661-72D5-492B-81CE-EB58628E3295} = {049CEE84-8DE4-4D9A-B74A-03EF0DD5AFA2}
		{E69D07B4-98EB-484D-BFE3-D6618CFA2945} = {049CEE84-8DE4-4D9A-B74A-03EF0DD5AFA2}
		{56674058-973D-4FAA-A928-90D5C9358777} = {970BC58A-C7FA-45DD-B78C-5F5ADDEFE9FD}
	EndGlobalSection
	GlobalSection(ExtensibilityGlobals) = postSolution
		SolutionGuid = {E74A5267-7803-41E7-BF55-8A3E83B326E9}
	EndGlobalSection
EndGlobal
